lockfileVersion: '6.0'

settings:
  autoInstallPeers: true
  excludeLinksFromLockfile: false

dependencies:
  bootstrap:
    specifier: ^5.3.1
    version: 5.3.1(@popperjs/core@2.11.8)
  chart.js:
    specifier: ^4.3.3
    version: 4.3.3

devDependencies:
  '@types/bootstrap':
    specifier: ^5.2.6
    version: 5.2.6
  '@types/chart.js':
    specifier: ^2.9.37
    version: 2.9.37

packages:

  /@kurkle/color@0.3.2:
    resolution: {integrity: sha512-fuscdXJ9G1qb7W8VdHi+IwRqij3lBkosAm4ydQtEmbY58OzHXqQhvlxqEkoz0yssNVn38bcpRWgA9PP+OGoisw==}
    dev: false

  /@popperjs/core@2.11.8:
    resolution: {integrity: sha512-P1st0aksCrn9sGZhp8GMYwBnQsbvAWsZAX44oXNNvLHGqAOcoVxmjZiohstwQ7SqKnbR47akdNi+uleWD8+g6A==}

  /@types/bootstrap@5.2.6:
    resolution: {integrity: sha512-BlAc3YATdasbHoxMoBWODrSF6qwQO/E9X8wVxCCSa6rWjnaZfpkr2N6pUMCY6jj2+wf0muUtLySbvU9etX6YqA==}
    dependencies:
      '@popperjs/core': 2.11.8
    dev: true

  /@types/chart.js@2.9.37:
    resolution: {integrity: sha512-9bosRfHhkXxKYfrw94EmyDQcdjMaQPkU1fH2tDxu8DWXxf1mjzWQAV4laJF51ZbC2ycYwNDvIm1rGez8Bug0vg==}
    dependencies:
      moment: 2.29.4
    dev: true

  /bootstrap@5.3.1(@popperjs/core@2.11.8):
    resolution: {integrity: sha512-jzwza3Yagduci2x0rr9MeFSORjcHpt0lRZukZPZQJT1Dth5qzV7XcgGqYzi39KGAVYR8QEDVoO0ubFKOxzMG+g==}
    peerDependencies:
      '@popperjs/core': ^2.11.8
    dependencies:
      '@popperjs/core': 2.11.8
    dev: false

  /chart.js@4.3.3:
    resolution: {integrity: sha512-aTk7pBw+x6sQYhon/NR3ikfUJuym/LdgpTlgZRe2PaEhjUMKBKyNaFCMVRAyTEWYFNO7qRu7iQVqOw/OqzxZxQ==}
    engines: {pnpm: '>=7'}
    dependencies:
      '@kurkle/color': 0.3.2
    dev: false

  /moment@2.29.4:
    resolution: {integrity: sha512-5LC9SOxjSc2HF6vO2CyuTDNivEdoz2IvyJJGj6X8DJ0eFyfszE0QiEd+iXmBvUP3WHxSjFH/vIsA0EN00cgr8w==}
    dev: true
